
Microsoft Visual Studio Solution File, Format Version 12.00
# Visual Studio 15
Project("{FAE04EC0-301F-11D3-BF4B-00C04F79EFBC}") = "GoogleMobileAds", "GoogleMobileAds.csproj", "{CEF47363-B728-DF07-1789-8E7B2CC1D47B}"
EndProject
Project("{FAE04EC0-301F-11D3-BF4B-00C04F79EFBC}") = "Assembly-CSharp", "Assembly-CSharp.csproj", "{8021FF08-98F4-D846-5503-0E518E2ED9F0}"
EndProject
Project("{FAE04EC0-301F-11D3-BF4B-00C04F79EFBC}") = "Assembly-CSharp-firstpass", "Assembly-CSharp-firstpass.csproj", "{A84A6C59-B2D4-92CC-D72F-86B4D3B05236}"
EndProject
Project("{FAE04EC0-301F-11D3-BF4B-00C04F79EFBC}") = "GoogleMobileAds.Editor", "GoogleMobileAds.Editor.csproj", "{8F3809C4-DDC3-9982-DA9C-EFA50B52D741}"
EndProject
Project("{FAE04EC0-301F-11D3-BF4B-00C04F79EFBC}") = "Assembly-CSharp-Editor-firstpass", "Assembly-CSharp-Editor-firstpass.csproj", "{D78A1F5A-75BA-08AA-B132-F1F95C6E1FB0}"
EndProject
Global
	GlobalSection(SolutionConfigurationPlatforms) = preSolution
		Debug|Any CPU = Debug|Any CPU
		Release|Any CPU = Release|Any CPU
	EndGlobalSection
	GlobalSection(ProjectConfigurationPlatforms) = postSolution
		{CEF47363-B728-DF07-1789-8E7B2CC1D47B}.Debug|Any CPU.ActiveCfg = Debug|Any CPU
		{CEF47363-B728-DF07-1789-8E7B2CC1D47B}.Debug|Any CPU.Build.0 = Debug|Any CPU
		{CEF47363-B728-DF07-1789-8E7B2CC1D47B}.Release|Any CPU.ActiveCfg = Release|Any CPU
		{CEF47363-B728-DF07-1789-8E7B2CC1D47B}.Release|Any CPU.Build.0 = Release|Any CPU
		{8021FF08-98F4-D846-5503-0E518E2ED9F0}.Debug|Any CPU.ActiveCfg = Debug|Any CPU
		{8021FF08-98F4-D846-5503-0E518E2ED9F0}.Debug|Any CPU.Build.0 = Debug|Any CPU
		{8021FF08-98F4-D846-5503-0E518E2ED9F0}.Release|Any CPU.ActiveCfg = Release|Any CPU
		{8021FF08-98F4-D846-5503-0E518E2ED9F0}.Release|Any CPU.Build.0 = Release|Any CPU
		{A84A6C59-B2D4-92CC-D72F-86B4D3B05236}.Debug|Any CPU.ActiveCfg = Debug|Any CPU
		{A84A6C59-B2D4-92CC-D72F-86B4D3B05236}.Debug|Any CPU.Build.0 = Debug|Any CPU
		{A84A6C59-B2D4-92CC-D72F-86B4D3B05236}.Release|Any CPU.ActiveCfg = Release|Any CPU
		{A84A6C59-B2D4-92CC-D72F-86B4D3B05236}.Release|Any CPU.Build.0 = Release|Any CPU
		{8F3809C4-DDC3-9982-DA9C-EFA50B52D741}.Debug|Any CPU.ActiveCfg = Debug|Any CPU
		{8F3809C4-DDC3-9982-DA9C-EFA50B52D741}.Debug|Any CPU.Build.0 = Debug|Any CPU
		{8F3809C4-DDC3-9982-DA9C-EFA50B52D741}.Release|Any CPU.ActiveCfg = Release|Any CPU
		{8F3809C4-DDC3-9982-DA9C-EFA50B52D741}.Release|Any CPU.Build.0 = Release|Any CPU
		{D78A1F5A-75BA-08AA-B132-F1F95C6E1FB0}.Debug|Any CPU.ActiveCfg = Debug|Any CPU
		{D78A1F5A-75BA-08AA-B132-F1F95C6E1FB0}.Debug|Any CPU.Build.0 = Debug|Any CPU
		{D78A1F5A-75BA-08AA-B132-F1F95C6E1FB0}.Release|Any CPU.ActiveCfg = Release|Any CPU
		{D78A1F5A-75BA-08AA-B132-F1F95C6E1FB0}.Release|Any CPU.Build.0 = Release|Any CPU
	EndGlobalSection
	GlobalSection(SolutionProperties) = preSolution
		HideSolutionNode = FALSE
	EndGlobalSection
EndGlobal
